
Microsoft Visual Studio Solution File, Format Version 12.00
# Visual Studio 15
VisualStudioVersion = 15.0.28307.645
MinimumVisualStudioVersion = 10.0.40219.1
Project("{9A19103F-16F7-4668-BE54-9A1E7A4F7556}") = "WebApplication7", "WebApplication7\WebApplication7.csproj", "{6DD522F3-86D4-40D9-ADD4-C9220D84D963}"
EndProject
Global
	GlobalSection(SolutionConfigurationPlatforms) = preSolution
		Debug|Any CPU = Debug|Any CPU
		Release|Any CPU = Release|Any CPU
	EndGlobalSection
	GlobalSection(ProjectConfigurationPlatforms) = postSolution
		{6DD522F3-86D4-40D9-ADD4-C9220D84D963}.Debug|Any CPU.ActiveCfg = Debug|Any CPU
		{6DD522F3-86D4-40D9-ADD4-C9220D84D963}.Debug|Any CPU.Build.0 = Debug|Any CPU
		{6DD522F3-86D4-40D9-ADD4-C9220D84D963}.Release|Any CPU.ActiveCfg = Release|Any CPU
		{6DD522F3-86D4-40D9-ADD4-C9220D84D963}.Release|Any CPU.Build.0 = Release|Any CPU
	EndGlobalSection
	GlobalSection(SolutionProperties) = preSolution
		HideSolutionNode = FALSE
	EndGlobalSection
	GlobalSection(ExtensibilityGlobals) = postSolution
		SolutionGuid = {C2C311B5-0A60-41CA-8502-F8D42FBFEB43}
	EndGlobalSection
EndGlobal
